
Microsoft Visual Studio Solution File, Format Version 12.00
# Visual Studio Version 17
VisualStudioVersion = 17.4.33205.214
MinimumVisualStudioVersion = 10.0.40219.1
Project("{2150E333-8FDC-42A3-9474-1A3956D46DE8}") = "Src", "Src", "{56C0EDEF-7240-4256-BEE1-CF980C2288D6}"
EndProject
Project("{FAE04EC0-301F-11D3-BF4B-00C04F79EFBC}") = "SimpleFeedReader.App", "Src\SimpleFeedReader.App\SimpleFeedReader.App.csproj", "{6AE72DB8-FC46-4692-823B-FA78004E16CC}"
EndProject
Global
	GlobalSection(SolutionConfigurationPlatforms) = preSolution
		Debug|Any CPU = Debug|Any CPU
		Release|Any CPU = Release|Any CPU
	EndGlobalSection
	GlobalSection(ProjectConfigurationPlatforms) = postSolution
		{6AE72DB8-FC46-4692-823B-FA78004E16CC}.Debug|Any CPU.ActiveCfg = Debug|Any CPU
		{6AE72DB8-FC46-4692-823B-FA78004E16CC}.Debug|Any CPU.Build.0 = Debug|Any CPU
		{6AE72DB8-FC46-4692-823B-FA78004E16CC}.Release|Any CPU.ActiveCfg = Release|Any CPU
		{6AE72DB8-FC46-4692-823B-FA78004E16CC}.Release|Any CPU.Build.0 = Release|Any CPU
	EndGlobalSection
	GlobalSection(SolutionProperties) = preSolution
		HideSolutionNode = FALSE
	EndGlobalSection
	GlobalSection(NestedProjects) = preSolution
		{6AE72DB8-FC46-4692-823B-FA78004E16CC} = {56C0EDEF-7240-4256-BEE1-CF980C2288D6}
	EndGlobalSection
	GlobalSection(ExtensibilityGlobals) = postSolution
		SolutionGuid = {FAE6645E-85BD-4F70-8D00-1B0F4EFB2DD5}
	EndGlobalSection
EndGlobal
